
Microsoft Visual Studio Solution File, Format Version 12.00
# Visual Studio Version 16
VisualStudioVersion = 16.0.32106.194
MinimumVisualStudioVersion = 10.0.40219.1
Project("{9A19103F-16F7-4668-BE54-9A1E7A4F7556}") = "ThEShoppe.Server", "ThEShoppe\Server\ThEShoppe.Server.csproj", "{12C71289-76FB-47A6-9EBE-B4FB583B507E}"
EndProject
Project("{9A19103F-16F7-4668-BE54-9A1E7A4F7556}") = "ThEShoppe.Client", "ThEShoppe\Client\ThEShoppe.Client.csproj", "{89DBA721-55B2-4815-9F8C-942FA0F1A513}"
EndProject
Project("{9A19103F-16F7-4668-BE54-9A1E7A4F7556}") = "ThEShoppe.Shared", "ThEShoppe\Shared\ThEShoppe.Shared.csproj", "{42113FE1-EA23-4C6F-860B-5B933A4B023C}"
EndProject
Global
	GlobalSection(SolutionConfigurationPlatforms) = preSolution
		Debug|Any CPU = Debug|Any CPU
		Release|Any CPU = Release|Any CPU
	EndGlobalSection
	GlobalSection(ProjectConfigurationPlatforms) = postSolution
		{12C71289-76FB-47A6-9EBE-B4FB583B507E}.Debug|Any CPU.ActiveCfg = Debug|Any CPU
		{12C71289-76FB-47A6-9EBE-B4FB583B507E}.Debug|Any CPU.Build.0 = Debug|Any CPU
		{12C71289-76FB-47A6-9EBE-B4FB583B507E}.Release|Any CPU.ActiveCfg = Release|Any CPU
		{12C71289-76FB-47A6-9EBE-B4FB583B507E}.Release|Any CPU.Build.0 = Release|Any CPU
		{89DBA721-55B2-4815-9F8C-942FA0F1A513}.Debug|Any CPU.ActiveCfg = Debug|Any CPU
		{89DBA721-55B2-4815-9F8C-942FA0F1A513}.Debug|Any CPU.Build.0 = Debug|Any CPU
		{89DBA721-55B2-4815-9F8C-942FA0F1A513}.Release|Any CPU.ActiveCfg = Release|Any CPU
		{89DBA721-55B2-4815-9F8C-942FA0F1A513}.Release|Any CPU.Build.0 = Release|Any CPU
		{42113FE1-EA23-4C6F-860B-5B933A4B023C}.Debug|Any CPU.ActiveCfg = Debug|Any CPU
		{42113FE1-EA23-4C6F-860B-5B933A4B023C}.Debug|Any CPU.Build.0 = Debug|Any CPU
		{42113FE1-EA23-4C6F-860B-5B933A4B023C}.Release|Any CPU.ActiveCfg = Release|Any CPU
		{42113FE1-EA23-4C6F-860B-5B933A4B023C}.Release|Any CPU.Build.0 = Release|Any CPU
	EndGlobalSection
	GlobalSection(SolutionProperties) = preSolution
		HideSolutionNode = FALSE
	EndGlobalSection
	GlobalSection(ExtensibilityGlobals) = postSolution
		SolutionGuid = {433B6D58-FE1D-4B89-AAFB-88784936A54B}
	EndGlobalSection
EndGlobal
